PODS:
  - AIFlatSwitch (1.0.2)
  - ChameleonFramework/Default (2.1.0)
  - ChameleonFramework/Swift (2.1.0):
    - ChameleonFramework/Default
  - EZSwiftExtensions (1.10)
  - Material (2.6.3):
    - Material/Core (= 2.6.3)
  - Material/Core (2.6.3)
  - SnapKit (3.2.0)

DEPENDENCIES:
  - AIFlatSwitch (~> 1.0.1)
  - ChameleonFramework/Swift (from `https://github.com/ViccAlexander/Chameleon.git`)
  - EZSwiftExtensions
  - Material (~> 2.0)
  - SnapKit

EXTERNAL SOURCES:
  ChameleonFramework:
    :git: https://github.com/ViccAlexander/Chameleon.git

CHECKOUT OPTIONS:
  ChameleonFramework:
    :commit: 6dd284bde21ea2e7f9fd89bc36f40df16e16369d
    :git: https://github.com/ViccAlexander/Chameleon.git

SPEC CHECKSUMS:
  AIFlatSwitch: 5ab22806eeff3e09d585c2f13d22bfa6e3427191
  ChameleonFramework: d21a3cc247abfe5e37609a283a8238b03575cf64
  EZSwiftExtensions: 172160bfb3635161c8b833d9111961ff3e6f517d
  Material: af607a7ec0e9978ef85cf189a3d8ceeeb650400f
  SnapKit: 1ca44df72cfa543218d177cb8aab029d10d86ea7

PODFILE CHECKSUM: 6278b000561b42806e1f58242d240e9439c9ca2c

COCOAPODS: 1.4.0
