PODS:
  - AIFlatSwitch (1.0.2)
  - ChameleonFramework/Default (2.1.0)
  - ChameleonFramework/Swift (2.1.0):
    - ChameleonFramework/Default
  - EZSwiftExtensions (1.11)
  - Material (2.6.3):
    - Material/Core (= 2.6.3)
  - Material/Core (2.6.3)
  - SnapKit (4.0.0)

DEPENDENCIES:
  - AIFlatSwitch (~> 1.0.1)
  - ChameleonFramework/Swift (from `https://github.com/ViccAlexander/Chameleon.git`)
  - EZSwiftExtensions
  - Material (~> 2.0)
  - SnapKit (~> 4.0.0)

EXTERNAL SOURCES:
  ChameleonFramework:
    :git: https://github.com/ViccAlexander/Chameleon.git

CHECKOUT OPTIONS:
  ChameleonFramework:
    :commit: 6dd284bde21ea2e7f9fd89bc36f40df16e16369d
    :git: https://github.com/ViccAlexander/Chameleon.git

SPEC CHECKSUMS:
  AIFlatSwitch: 5ab22806eeff3e09d585c2f13d22bfa6e3427191
  ChameleonFramework: d21a3cc247abfe5e37609a283a8238b03575cf64
  EZSwiftExtensions: 84000042202d9fd574f626cda3064143f27fa767
  Material: af607a7ec0e9978ef85cf189a3d8ceeeb650400f
  SnapKit: a42d492c16e80209130a3379f73596c3454b7694

PODFILE CHECKSUM: 9132e80905722c7770aa5125e2d624a25ba97dab

COCOAPODS: 1.4.0
