// !$*UTF8*$!
{
	archiveVersion = 1;
	classes = {
	};
	objectVersion = 48;
	objects = {

/* Begin PBXBuildFile section */
		4D0523F381A7D79F69242847 /* Pods_Reuse.framework in Frameworks */ = {isa = PBXBuildFile; fileRef = E0693D627A6EAB43C2249006 /* Pods_Reuse.framework */; };
		560CAA1D207DD4D60059B61A /* ItemsTableViewController.swift in Sources */ = {isa = PBXBuildFile; fileRef = 560CAA1C207DD4D60059B61A /* ItemsTableViewController.swift */; };
		560CAA1F207DD5010059B61A /* ItemsViewController.swift in Sources */ = {isa = PBXBuildFile; fileRef = 560CAA1E207DD5010059B61A /* ItemsViewController.swift */; };
		561D097B204CE1FC002C9888 /* AppDelegate.swift in Sources */ = {isa = PBXBuildFile; fileRef = 561D097A204CE1FC002C9888 /* AppDelegate.swift */; };
		561D0980204CE1FD002C9888 /* Main.storyboard in Resources */ = {isa = PBXBuildFile; fileRef = 561D097E204CE1FC002C9888 /* Main.storyboard */; };
		561D0983204CE1FD002C9888 /* Reuse.xcdatamodeld in Sources */ = {isa = PBXBuildFile; fileRef = 561D0981204CE1FD002C9888 /* Reuse.xcdatamodeld */; };
		561D0985204CE1FD002C9888 /* Assets.xcassets in Resources */ = {isa = PBXBuildFile; fileRef = 561D0984204CE1FD002C9888 /* Assets.xcassets */; };
		561D0988204CE1FD002C9888 /* LaunchScreen.storyboard in Resources */ = {isa = PBXBuildFile; fileRef = 561D0986204CE1FD002C9888 /* LaunchScreen.storyboard */; };
		5660D6C620504A6A00743E1D /* Constants.swift in Sources */ = {isa = PBXBuildFile; fileRef = 5660D6C520504A6A00743E1D /* Constants.swift */; };
		5660D6C820504A7600743E1D /* Errors.swift in Sources */ = {isa = PBXBuildFile; fileRef = 5660D6C720504A7600743E1D /* Errors.swift */; };
		5660D6CA20504A8000743E1D /* Extensions.swift in Sources */ = {isa = PBXBuildFile; fileRef = 5660D6C920504A8000743E1D /* Extensions.swift */; };
		5660D6CC20504ACC00743E1D /* Session.swift in Sources */ = {isa = PBXBuildFile; fileRef = 5660D6CB20504ACC00743E1D /* Session.swift */; };
		5660D6CF20504CFB00743E1D /* ColorTheme.xcassets in Resources */ = {isa = PBXBuildFile; fileRef = 5660D6CE20504CFB00743E1D /* ColorTheme.xcassets */; };
		567D063120572E490023D644 /* GoogleService-Info.plist in Resources */ = {isa = PBXBuildFile; fileRef = 567D063020572E490023D644 /* GoogleService-Info.plist */; };
		567D0635205748590023D644 /* LoginViewController.swift in Sources */ = {isa = PBXBuildFile; fileRef = 567D0634205748590023D644 /* LoginViewController.swift */; };
		567F04D1205C177F00C11D9F /* MessagesTableViewController.swift in Sources */ = {isa = PBXBuildFile; fileRef = 567F04D0205C177F00C11D9F /* MessagesTableViewController.swift */; };
		567F04D3205C1D8E00C11D9F /* MessagesTableViewCell.swift in Sources */ = {isa = PBXBuildFile; fileRef = 567F04D2205C1D8E00C11D9F /* MessagesTableViewCell.swift */; };
		56B444F020771D8300070133 /* FilterFormViewController.swift in Sources */ = {isa = PBXBuildFile; fileRef = 56B444EF20771D8300070133 /* FilterFormViewController.swift */; };
		56B444F420773FB100070133 /* FilteringPresentationManager.swift in Sources */ = {isa = PBXBuildFile; fileRef = 56B444F320773FB100070133 /* FilteringPresentationManager.swift */; };
		56B444F6207740EE00070133 /* FilteringPresentationController.swift in Sources */ = {isa = PBXBuildFile; fileRef = 56B444F5207740EE00070133 /* FilteringPresentationController.swift */; };
		56C0EB35205B636600CB8908 /* BrowseCollectionViewCell.swift in Sources */ = {isa = PBXBuildFile; fileRef = 56C0EB34205B636600CB8908 /* BrowseCollectionViewCell.swift */; };
		56C0EB37205B66D200CB8908 /* EdgeInsetLabel.swift in Sources */ = {isa = PBXBuildFile; fileRef = 56C0EB36205B66D200CB8908 /* EdgeInsetLabel.swift */; };
		56C2C6A22055F6E600CF981E /* User.swift in Sources */ = {isa = PBXBuildFile; fileRef = 56C2C6A12055F6E600CF981E /* User.swift */; };
		56C2C6A62056159B00CF981E /* BrowseCollectionViewController.swift in Sources */ = {isa = PBXBuildFile; fileRef = 56C2C6A52056159B00CF981E /* BrowseCollectionViewController.swift */; };
		56E7FC7E205F46E60076F062 /* FilterView.xib in Resources */ = {isa = PBXBuildFile; fileRef = 56E7FC7D205F46E60076F062 /* FilterView.xib */; };
		6F2D2F26205F4AC300C2D889 /* ProfileViewController.swift in Sources */ = {isa = PBXBuildFile; fileRef = 6F2D2F25205F4AC300C2D889 /* ProfileViewController.swift */; };
		76D1A9322054D64300A1A4E2 /* Item.swift in Sources */ = {isa = PBXBuildFile; fileRef = 76D1A9312054D64300A1A4E2 /* Item.swift */; };
		96589F6120561278005B8832 /* RegisterViewController.swift in Sources */ = {isa = PBXBuildFile; fileRef = 96589F6020561278005B8832 /* RegisterViewController.swift */; };
/* End PBXBuildFile section */

/* Begin PBXFileReference section */
		560CAA1C207DD4D60059B61A /* ItemsTableViewController.swift */ = {isa = PBXFileReference; lastKnownFileType = sourcecode.swift; path = ItemsTableViewController.swift; sourceTree = "<group>"; };
		560CAA1E207DD5010059B61A /* ItemsViewController.swift */ = {isa = PBXFileReference; lastKnownFileType = sourcecode.swift; path = ItemsViewController.swift; sourceTree = "<group>"; };
		561D0977204CE1FC002C9888 /* Reuse.app */ = {isa = PBXFileReference; explicitFileType = wrapper.application; includeInIndex = 0; path = Reuse.app; sourceTree = BUILT_PRODUCTS_DIR; };
		561D097A204CE1FC002C9888 /* AppDelegate.swift */ = {isa = PBXFileReference; lastKnownFileType = sourcecode.swift; path = AppDelegate.swift; sourceTree = "<group>"; };
		561D097F204CE1FC002C9888 /* Base */ = {isa = PBXFileReference; lastKnownFileType = file.storyboard; name = Base; path = Base.lproj/Main.storyboard; sourceTree = "<group>"; };
		561D0982204CE1FD002C9888 /* Reuse.xcdatamodel */ = {isa = PBXFileReference; lastKnownFileType = wrapper.xcdatamodel; path = Reuse.xcdatamodel; sourceTree = "<group>"; };
		561D0984204CE1FD002C9888 /* Assets.xcassets */ = {isa = PBXFileReference; lastKnownFileType = folder.assetcatalog; path = Assets.xcassets; sourceTree = "<group>"; };
		561D0987204CE1FD002C9888 /* Base */ = {isa = PBXFileReference; lastKnownFileType = file.storyboard; name = Base; path = Base.lproj/LaunchScreen.storyboard; sourceTree = "<group>"; };
		561D0989204CE1FD002C9888 /* Info.plist */ = {isa = PBXFileReference; lastKnownFileType = text.plist.xml; path = Info.plist; sourceTree = "<group>"; };
		5660D6C520504A6A00743E1D /* Constants.swift */ = {isa = PBXFileReference; lastKnownFileType = sourcecode.swift; path = Constants.swift; sourceTree = "<group>"; };
		5660D6C720504A7600743E1D /* Errors.swift */ = {isa = PBXFileReference; lastKnownFileType = sourcecode.swift; path = Errors.swift; sourceTree = "<group>"; };
		5660D6C920504A8000743E1D /* Extensions.swift */ = {isa = PBXFileReference; lastKnownFileType = sourcecode.swift; path = Extensions.swift; sourceTree = "<group>"; };
		5660D6CB20504ACC00743E1D /* Session.swift */ = {isa = PBXFileReference; lastKnownFileType = sourcecode.swift; path = Session.swift; sourceTree = "<group>"; };
		5660D6CE20504CFB00743E1D /* ColorTheme.xcassets */ = {isa = PBXFileReference; lastKnownFileType = folder.assetcatalog; path = ColorTheme.xcassets; sourceTree = "<group>"; };
		567D063020572E490023D644 /* GoogleService-Info.plist */ = {isa = PBXFileReference; fileEncoding = 4; lastKnownFileType = text.plist.xml; path = "GoogleService-Info.plist"; sourceTree = "<group>"; };
		567D0633205745BB0023D644 /* Reuse.entitlements */ = {isa = PBXFileReference; lastKnownFileType = text.plist.entitlements; path = Reuse.entitlements; sourceTree = "<group>"; };
		567D0634205748590023D644 /* LoginViewController.swift */ = {isa = PBXFileReference; lastKnownFileType = sourcecode.swift; path = LoginViewController.swift; sourceTree = "<group>"; };
		567F04D0205C177F00C11D9F /* MessagesTableViewController.swift */ = {isa = PBXFileReference; lastKnownFileType = sourcecode.swift; path = MessagesTableViewController.swift; sourceTree = "<group>"; };
		567F04D2205C1D8E00C11D9F /* MessagesTableViewCell.swift */ = {isa = PBXFileReference; lastKnownFileType = sourcecode.swift; path = MessagesTableViewCell.swift; sourceTree = "<group>"; };
		56B444EF20771D8300070133 /* FilterFormViewController.swift */ = {isa = PBXFileReference; lastKnownFileType = sourcecode.swift; path = FilterFormViewController.swift; sourceTree = "<group>"; };
		56B444F320773FB100070133 /* FilteringPresentationManager.swift */ = {isa = PBXFileReference; lastKnownFileType = sourcecode.swift; path = FilteringPresentationManager.swift; sourceTree = "<group>"; };
		56B444F5207740EE00070133 /* FilteringPresentationController.swift */ = {isa = PBXFileReference; lastKnownFileType = sourcecode.swift; path = FilteringPresentationController.swift; sourceTree = "<group>"; };
		56C0EB34205B636600CB8908 /* BrowseCollectionViewCell.swift */ = {isa = PBXFileReference; lastKnownFileType = sourcecode.swift; path = BrowseCollectionViewCell.swift; sourceTree = "<group>"; };
		56C0EB36205B66D200CB8908 /* EdgeInsetLabel.swift */ = {isa = PBXFileReference; lastKnownFileType = sourcecode.swift; path = EdgeInsetLabel.swift; sourceTree = "<group>"; };
		56C2C6A12055F6E600CF981E /* User.swift */ = {isa = PBXFileReference; lastKnownFileType = sourcecode.swift; path = User.swift; sourceTree = "<group>"; };
		56C2C6A52056159B00CF981E /* BrowseCollectionViewController.swift */ = {isa = PBXFileReference; lastKnownFileType = sourcecode.swift; path = BrowseCollectionViewController.swift; sourceTree = "<group>"; };
		56E7FC7D205F46E60076F062 /* FilterView.xib */ = {isa = PBXFileReference; lastKnownFileType = file.xib; path = FilterView.xib; sourceTree = "<group>"; };
		6F2D2F25205F4AC300C2D889 /* ProfileViewController.swift */ = {isa = PBXFileReference; lastKnownFileType = sourcecode.swift; name = ProfileViewController.swift; path = Reuse/ProfileViewController.swift; sourceTree = SOURCE_ROOT; };
		76BE022020561009001BE602 /* ItemViewController.swift */ = {isa = PBXFileReference; lastKnownFileType = sourcecode.swift; path = ItemViewController.swift; sourceTree = "<group>"; };
		76D1A9312054D64300A1A4E2 /* Item.swift */ = {isa = PBXFileReference; lastKnownFileType = sourcecode.swift; name = Item.swift; path = Reuse/Item.swift; sourceTree = SOURCE_ROOT; };
		96589F6020561278005B8832 /* RegisterViewController.swift */ = {isa = PBXFileReference; lastKnownFileType = sourcecode.swift; path = RegisterViewController.swift; sourceTree = "<group>"; };
		D4A732A61A9EF18D2A035933 /* Pods-Reuse.debug.xcconfig */ = {isa = PBXFileReference; includeInIndex = 1; lastKnownFileType = text.xcconfig; name = "Pods-Reuse.debug.xcconfig"; path = "Pods/Target Support Files/Pods-Reuse/Pods-Reuse.debug.xcconfig"; sourceTree = "<group>"; };
		E0693D627A6EAB43C2249006 /* Pods_Reuse.framework */ = {isa = PBXFileReference; explicitFileType = wrapper.framework; includeInIndex = 0; path = Pods_Reuse.framework; sourceTree = BUILT_PRODUCTS_DIR; };
		E9B0EBBF098DA80CB10F07CC /* Pods-Reuse.release.xcconfig */ = {isa = PBXFileReference; includeInIndex = 1; lastKnownFileType = text.xcconfig; name = "Pods-Reuse.release.xcconfig"; path = "Pods/Target Support Files/Pods-Reuse/Pods-Reuse.release.xcconfig"; sourceTree = "<group>"; };
/* End PBXFileReference section */

/* Begin PBXFrameworksBuildPhase section */
		561D0974204CE1FC002C9888 /* Frameworks */ = {
			isa = PBXFrameworksBuildPhase;
			buildActionMask = 2147483647;
			files = (
				4D0523F381A7D79F69242847 /* Pods_Reuse.framework in Frameworks */,
			);
			runOnlyForDeploymentPostprocessing = 0;
		};
/* End PBXFrameworksBuildPhase section */

/* Begin PBXGroup section */
		560CAA1B207DD4B00059B61A /* Items */ = {
			isa = PBXGroup;
			children = (
				560CAA1C207DD4D60059B61A /* ItemsTableViewController.swift */,
				560CAA1E207DD5010059B61A /* ItemsViewController.swift */,
			);
			path = Items;
			sourceTree = "<group>";
		};
		561D096E204CE1FC002C9888 = {
			isa = PBXGroup;
			children = (
				561D0979204CE1FC002C9888 /* Reuse */,
				561D0978204CE1FC002C9888 /* Products */,
				8D6CAF090DF7AFF6ED94786A /* Pods */,
				BD05BA6B54714573EB70A357 /* Frameworks */,
			);
			sourceTree = "<group>";
		};
		561D0978204CE1FC002C9888 /* Products */ = {
			isa = PBXGroup;
			children = (
				561D0977204CE1FC002C9888 /* Reuse.app */,
			);
			name = Products;
			sourceTree = "<group>";
		};
		561D0979204CE1FC002C9888 /* Reuse */ = {
			isa = PBXGroup;
			children = (
				567D0633205745BB0023D644 /* Reuse.entitlements */,
				561D0989204CE1FD002C9888 /* Info.plist */,
				567D063020572E490023D644 /* GoogleService-Info.plist */,
				5660D6CD20504CC100743E1D /* Resources */,
				5660D6C420504A4400743E1D /* View */,
				5660D6C32050498D00743E1D /* Services */,
				5660D6C22050496800743E1D /* Model */,
				561D097A204CE1FC002C9888 /* AppDelegate.swift */,
				6F2D2F25205F4AC300C2D889 /* ProfileViewController.swift */,
				76D1A9312054D64300A1A4E2 /* Item.swift */,
				561D097E204CE1FC002C9888 /* Main.storyboard */,
				76BE022020561009001BE602 /* ItemViewController.swift */,
				96589F6020561278005B8832 /* RegisterViewController.swift */,
				561D0986204CE1FD002C9888 /* LaunchScreen.storyboard */,
			);
			path = Reuse;
			sourceTree = "<group>";
		};
		5660D6C22050496800743E1D /* Model */ = {
			isa = PBXGroup;
			children = (
			);
			path = Model;
			sourceTree = "<group>";
		};
		5660D6C32050498D00743E1D /* Services */ = {
			isa = PBXGroup;
			children = (
				5660D6C520504A6A00743E1D /* Constants.swift */,
				5660D6C720504A7600743E1D /* Errors.swift */,
				5660D6C920504A8000743E1D /* Extensions.swift */,
				5660D6CB20504ACC00743E1D /* Session.swift */,
				56C2C6A12055F6E600CF981E /* User.swift */,
			);
			path = Services;
			sourceTree = "<group>";
		};
		5660D6C420504A4400743E1D /* View */ = {
			isa = PBXGroup;
			children = (
				560CAA1B207DD4B00059B61A /* Items */,
				567F04CF205C16FB00C11D9F /* Messages */,
				567F04CE205C16F000C11D9F /* Custom */,
				567F04CD205C16D900C11D9F /* Browse */,
				567D0634205748590023D644 /* LoginViewController.swift */,
			);
			path = View;
			sourceTree = "<group>";
		};
		5660D6CD20504CC100743E1D /* Resources */ = {
			isa = PBXGroup;
			children = (
				561D0984204CE1FD002C9888 /* Assets.xcassets */,
				5660D6CE20504CFB00743E1D /* ColorTheme.xcassets */,
				561D0981204CE1FD002C9888 /* Reuse.xcdatamodeld */,
				56E7FC7D205F46E60076F062 /* FilterView.xib */,
			);
			path = Resources;
			sourceTree = "<group>";
		};
		567F04CD205C16D900C11D9F /* Browse */ = {
			isa = PBXGroup;
			children = (
				56B444F220773F8E00070133 /* Filtering */,
				56C2C6A52056159B00CF981E /* BrowseCollectionViewController.swift */,
				56C0EB34205B636600CB8908 /* BrowseCollectionViewCell.swift */,
			);
			path = Browse;
			sourceTree = "<group>";
		};
		567F04CE205C16F000C11D9F /* Custom */ = {
			isa = PBXGroup;
			children = (
				56C0EB36205B66D200CB8908 /* EdgeInsetLabel.swift */,
			);
			path = Custom;
			sourceTree = "<group>";
		};
		567F04CF205C16FB00C11D9F /* Messages */ = {
			isa = PBXGroup;
			children = (
				567F04D0205C177F00C11D9F /* MessagesTableViewController.swift */,
				567F04D2205C1D8E00C11D9F /* MessagesTableViewCell.swift */,
			);
			path = Messages;
			sourceTree = "<group>";
		};
		56B444F220773F8E00070133 /* Filtering */ = {
			isa = PBXGroup;
			children = (
				56B444EF20771D8300070133 /* FilterFormViewController.swift */,
				56B444F320773FB100070133 /* FilteringPresentationManager.swift */,
				56B444F5207740EE00070133 /* FilteringPresentationController.swift */,
			);
			path = Filtering;
			sourceTree = "<group>";
		};
		8D6CAF090DF7AFF6ED94786A /* Pods */ = {
			isa = PBXGroup;
			children = (
				D4A732A61A9EF18D2A035933 /* Pods-Reuse.debug.xcconfig */,
				E9B0EBBF098DA80CB10F07CC /* Pods-Reuse.release.xcconfig */,
			);
			name = Pods;
			sourceTree = "<group>";
		};
		BD05BA6B54714573EB70A357 /* Frameworks */ = {
			isa = PBXGroup;
			children = (
				E0693D627A6EAB43C2249006 /* Pods_Reuse.framework */,
			);
			name = Frameworks;
			sourceTree = "<group>";
		};
/* End PBXGroup section */

/* Begin PBXNativeTarget section */
		561D0976204CE1FC002C9888 /* Reuse */ = {
			isa = PBXNativeTarget;
			buildConfigurationList = 561D098C204CE1FD002C9888 /* Build configuration list for PBXNativeTarget "Reuse" */;
			buildPhases = (
				A3EED4F626D28822F7D10AB1 /* [CP] Check Pods Manifest.lock */,
				561D0973204CE1FC002C9888 /* Sources */,
				561D0974204CE1FC002C9888 /* Frameworks */,
				561D0975204CE1FC002C9888 /* Resources */,
				5AFA778A85FF829FC866BA90 /* [CP] Embed Pods Frameworks */,
				16711A11DE428751EAD05E18 /* [CP] Copy Pods Resources */,
			);
			buildRules = (
			);
			dependencies = (
			);
			name = Reuse;
			productName = Reuse;
			productReference = 561D0977204CE1FC002C9888 /* Reuse.app */;
			productType = "com.apple.product-type.application";
		};
/* End PBXNativeTarget section */

/* Begin PBXProject section */
		561D096F204CE1FC002C9888 /* Project object */ = {
			isa = PBXProject;
			attributes = {
				LastSwiftUpdateCheck = 0920;
				LastUpgradeCheck = 0920;
				ORGANIZATIONNAME = "Design for America - MIT";
				TargetAttributes = {
					561D0976204CE1FC002C9888 = {
						CreatedOnToolsVersion = 9.2;
						ProvisioningStyle = Automatic;
						SystemCapabilities = {
							com.apple.Keychain = {
								enabled = 1;
							};
						};
					};
				};
			};
			buildConfigurationList = 561D0972204CE1FC002C9888 /* Build configuration list for PBXProject "Reuse" */;
			compatibilityVersion = "Xcode 8.0";
			developmentRegion = en;
			hasScannedForEncodings = 0;
			knownRegions = (
				en,
				Base,
			);
			mainGroup = 561D096E204CE1FC002C9888;
			productRefGroup = 561D0978204CE1FC002C9888 /* Products */;
			projectDirPath = "";
			projectRoot = "";
			targets = (
				561D0976204CE1FC002C9888 /* Reuse */,
			);
		};
/* End PBXProject section */

/* Begin PBXResourcesBuildPhase section */
		561D0975204CE1FC002C9888 /* Resources */ = {
			isa = PBXResourcesBuildPhase;
			buildActionMask = 2147483647;
			files = (
				561D0988204CE1FD002C9888 /* LaunchScreen.storyboard in Resources */,
				5660D6CF20504CFB00743E1D /* ColorTheme.xcassets in Resources */,
				56E7FC7E205F46E60076F062 /* FilterView.xib in Resources */,
				567D063120572E490023D644 /* GoogleService-Info.plist in Resources */,
				561D0985204CE1FD002C9888 /* Assets.xcassets in Resources */,
				561D0980204CE1FD002C9888 /* Main.storyboard in Resources */,
			);
			runOnlyForDeploymentPostprocessing = 0;
		};
/* End PBXResourcesBuildPhase section */

/* Begin PBXShellScriptBuildPhase section */
		16711A11DE428751EAD05E18 /* [CP] Copy Pods Resources */ = {
			isa = PBXShellScriptBuildPhase;
			buildActionMask = 2147483647;
			files = (
			);
			inputPaths = (
				"${SRCROOT}/Pods/Target Support Files/Pods-Reuse/Pods-Reuse-resources.sh",
				"${PODS_CONFIGURATION_BUILD_DIR}/FirebaseUI/FirebaseAuthUI.bundle",
				"${PODS_CONFIGURATION_BUILD_DIR}/FirebaseUI/FirebaseFacebookAuthUI.bundle",
			);
			name = "[CP] Copy Pods Resources";
			outputPaths = (
				"${TARGET_BUILD_DIR}/${UNLOCALIZED_RESOURCES_FOLDER_PATH}/FirebaseAuthUI.bundle",
				"${TARGET_BUILD_DIR}/${UNLOCALIZED_RESOURCES_FOLDER_PATH}/FirebaseFacebookAuthUI.bundle",
			);
			runOnlyForDeploymentPostprocessing = 0;
			shellPath = /bin/sh;
			shellScript = "\"${SRCROOT}/Pods/Target Support Files/Pods-Reuse/Pods-Reuse-resources.sh\"\n";
			showEnvVarsInLog = 0;
		};
		5AFA778A85FF829FC866BA90 /* [CP] Embed Pods Frameworks */ = {
			isa = PBXShellScriptBuildPhase;
			buildActionMask = 2147483647;
			files = (
			);
			inputPaths = (
				"${SRCROOT}/Pods/Target Support Files/Pods-Reuse/Pods-Reuse-frameworks.sh",
				"${BUILT_PRODUCTS_DIR}/AIFlatSwitch/AIFlatSwitch.framework",
				"${BUILT_PRODUCTS_DIR}/Bolts/Bolts.framework",
				"${BUILT_PRODUCTS_DIR}/BoringSSL/openssl.framework",
				"${BUILT_PRODUCTS_DIR}/ChameleonFramework/ChameleonFramework.framework",
				"${BUILT_PRODUCTS_DIR}/EZSwiftExtensions/EZSwiftExtensions.framework",
				"${BUILT_PRODUCTS_DIR}/Eureka/Eureka.framework",
				"${BUILT_PRODUCTS_DIR}/FBSDKCoreKit/FBSDKCoreKit.framework",
				"${BUILT_PRODUCTS_DIR}/FBSDKLoginKit/FBSDKLoginKit.framework",
				"${BUILT_PRODUCTS_DIR}/GTMSessionFetcher/GTMSessionFetcher.framework",
				"${BUILT_PRODUCTS_DIR}/GoogleToolboxForMac/GoogleToolboxForMac.framework",
				"${BUILT_PRODUCTS_DIR}/Material/Material.framework",
				"${BUILT_PRODUCTS_DIR}/Protobuf/Protobuf.framework",
				"${BUILT_PRODUCTS_DIR}/SnapKit/SnapKit.framework",
				"${BUILT_PRODUCTS_DIR}/SwiftyJSON/SwiftyJSON.framework",
				"${BUILT_PRODUCTS_DIR}/gRPC/GRPCClient.framework",
				"${BUILT_PRODUCTS_DIR}/gRPC-Core/grpc.framework",
				"${BUILT_PRODUCTS_DIR}/gRPC-ProtoRPC/ProtoRPC.framework",
				"${BUILT_PRODUCTS_DIR}/gRPC-RxLibrary/RxLibrary.framework",
				"${BUILT_PRODUCTS_DIR}/leveldb-library/leveldb.framework",
				"${BUILT_PRODUCTS_DIR}/nanopb/nanopb.framework",
			);
			name = "[CP] Embed Pods Frameworks";
			outputPaths = (
				"${TARGET_BUILD_DIR}/${FRAMEWORKS_FOLDER_PATH}/AIFlatSwitch.framework",
				"${TARGET_BUILD_DIR}/${FRAMEWORKS_FOLDER_PATH}/Bolts.framework",
				"${TARGET_BUILD_DIR}/${FRAMEWORKS_FOLDER_PATH}/openssl.framework",
				"${TARGET_BUILD_DIR}/${FRAMEWORKS_FOLDER_PATH}/ChameleonFramework.framework",
				"${TARGET_BUILD_DIR}/${FRAMEWORKS_FOLDER_PATH}/EZSwiftExtensions.framework",
				"${TARGET_BUILD_DIR}/${FRAMEWORKS_FOLDER_PATH}/Eureka.framework",
				"${TARGET_BUILD_DIR}/${FRAMEWORKS_FOLDER_PATH}/FBSDKCoreKit.framework",
				"${TARGET_BUILD_DIR}/${FRAMEWORKS_FOLDER_PATH}/FBSDKLoginKit.framework",
				"${TARGET_BUILD_DIR}/${FRAMEWORKS_FOLDER_PATH}/GTMSessionFetcher.framework",
				"${TARGET_BUILD_DIR}/${FRAMEWORKS_FOLDER_PATH}/GoogleToolboxForMac.framework",
				"${TARGET_BUILD_DIR}/${FRAMEWORKS_FOLDER_PATH}/Material.framework",
				"${TARGET_BUILD_DIR}/${FRAMEWORKS_FOLDER_PATH}/Protobuf.framework",
				"${TARGET_BUILD_DIR}/${FRAMEWORKS_FOLDER_PATH}/SnapKit.framework",
				"${TARGET_BUILD_DIR}/${FRAMEWORKS_FOLDER_PATH}/SwiftyJSON.framework",
				"${TARGET_BUILD_DIR}/${FRAMEWORKS_FOLDER_PATH}/GRPCClient.framework",
				"${TARGET_BUILD_DIR}/${FRAMEWORKS_FOLDER_PATH}/grpc.framework",
				"${TARGET_BUILD_DIR}/${FRAMEWORKS_FOLDER_PATH}/ProtoRPC.framework",
				"${TARGET_BUILD_DIR}/${FRAMEWORKS_FOLDER_PATH}/RxLibrary.framework",
				"${TARGET_BUILD_DIR}/${FRAMEWORKS_FOLDER_PATH}/leveldb.framework",
				"${TARGET_BUILD_DIR}/${FRAMEWORKS_FOLDER_PATH}/nanopb.framework",
			);
			runOnlyForDeploymentPostprocessing = 0;
			shellPath = /bin/sh;
			shellScript = "\"${SRCROOT}/Pods/Target Support Files/Pods-Reuse/Pods-Reuse-frameworks.sh\"\n";
			showEnvVarsInLog = 0;
		};
		A3EED4F626D28822F7D10AB1 /* [CP] Check Pods Manifest.lock */ = {
			isa = PBXShellScriptBuildPhase;
			buildActionMask = 2147483647;
			files = (
			);
			inputPaths = (
				"${PODS_PODFILE_DIR_PATH}/Podfile.lock",
				"${PODS_ROOT}/Manifest.lock",
			);
			name = "[CP] Check Pods Manifest.lock";
			outputPaths = (
				"$(DERIVED_FILE_DIR)/Pods-Reuse-checkManifestLockResult.txt",
			);
			runOnlyForDeploymentPostprocessing = 0;
			shellPath = /bin/sh;
			shellScript = "diff \"${PODS_PODFILE_DIR_PATH}/Podfile.lock\" \"${PODS_ROOT}/Manifest.lock\" > /dev/null\nif [ $? != 0 ] ; then\n    # print error to STDERR\n    echo \"error: The sandbox is not in sync with the Podfile.lock. Run 'pod install' or update your CocoaPods installation.\" >&2\n    exit 1\nfi\n# This output is used by Xcode 'outputs' to avoid re-running this script phase.\necho \"SUCCESS\" > \"${SCRIPT_OUTPUT_FILE_0}\"\n";
			showEnvVarsInLog = 0;
		};
/* End PBXShellScriptBuildPhase section */

/* Begin PBXSourcesBuildPhase section */
		561D0973204CE1FC002C9888 /* Sources */ = {
			isa = PBXSourcesBuildPhase;
			buildActionMask = 2147483647;
			files = (
				96589F6120561278005B8832 /* RegisterViewController.swift in Sources */,
				5660D6CC20504ACC00743E1D /* Session.swift in Sources */,
				561D0983204CE1FD002C9888 /* Reuse.xcdatamodeld in Sources */,
				56C2C6A62056159B00CF981E /* BrowseCollectionViewController.swift in Sources */,
				56B444F6207740EE00070133 /* FilteringPresentationController.swift in Sources */,
				56B444F420773FB100070133 /* FilteringPresentationManager.swift in Sources */,
				56C0EB37205B66D200CB8908 /* EdgeInsetLabel.swift in Sources */,
				5660D6CA20504A8000743E1D /* Extensions.swift in Sources */,
				6F2D2F26205F4AC300C2D889 /* ProfileViewController.swift in Sources */,
				5660D6C820504A7600743E1D /* Errors.swift in Sources */,
				567F04D3205C1D8E00C11D9F /* MessagesTableViewCell.swift in Sources */,
				56C0EB35205B636600CB8908 /* BrowseCollectionViewCell.swift in Sources */,
				56B444F020771D8300070133 /* FilterFormViewController.swift in Sources */,
				560CAA1D207DD4D60059B61A /* ItemsTableViewController.swift in Sources */,
				56C2C6A22055F6E600CF981E /* User.swift in Sources */,
				567F04D1205C177F00C11D9F /* MessagesTableViewController.swift in Sources */,
				76D1A9322054D64300A1A4E2 /* Item.swift in Sources */,
				561D097B204CE1FC002C9888 /* AppDelegate.swift in Sources */,
				5660D6C620504A6A00743E1D /* Constants.swift in Sources */,
				560CAA1F207DD5010059B61A /* ItemsViewController.swift in Sources */,
				567D0635205748590023D644 /* LoginViewController.swift in Sources */,
			);
			runOnlyForDeploymentPostprocessing = 0;
		};
/* End PBXSourcesBuildPhase section */

/* Begin PBXVariantGroup section */
		561D097E204CE1FC002C9888 /* Main.storyboard */ = {
			isa = PBXVariantGroup;
			children = (
				561D097F204CE1FC002C9888 /* Base */,
			);
			name = Main.storyboard;
			sourceTree = "<group>";
		};
		561D0986204CE1FD002C9888 /* LaunchScreen.storyboard */ = {
			isa = PBXVariantGroup;
			children = (
				561D0987204CE1FD002C9888 /* Base */,
			);
			name = LaunchScreen.storyboard;
			sourceTree = "<group>";
		};
/* End PBXVariantGroup section */

/* Begin XCBuildConfiguration section */
		561D098A204CE1FD002C9888 /* Debug */ = {
			isa = XCBuildConfiguration;
			buildSettings = {
				ALWAYS_SEARCH_USER_PATHS = NO;
				CLANG_ANALYZER_NONNULL = YES;
				CLANG_ANALYZER_NUMBER_OBJECT_CONVERSION = YES_AGGRESSIVE;
				CLANG_CXX_LANGUAGE_STANDARD = "gnu++14";
				CLANG_CXX_LIBRARY = "libc++";
				CLANG_ENABLE_MODULES = YES;
				CLANG_ENABLE_OBJC_ARC = YES;
				CLANG_WARN_BLOCK_CAPTURE_AUTORELEASING = YES;
				CLANG_WARN_BOOL_CONVERSION = YES;
				CLANG_WARN_COMMA = YES;
				CLANG_WARN_CONSTANT_CONVERSION = YES;
				CLANG_WARN_DIRECT_OBJC_ISA_USAGE = YES_ERROR;
				CLANG_WARN_DOCUMENTATION_COMMENTS = YES;
				CLANG_WARN_EMPTY_BODY = YES;
				CLANG_WARN_ENUM_CONVERSION = YES;
				CLANG_WARN_INFINITE_RECURSION = YES;
				CLANG_WARN_INT_CONVERSION = YES;
				CLANG_WARN_NON_LITERAL_NULL_CONVERSION = YES;
				CLANG_WARN_OBJC_LITERAL_CONVERSION = YES;
				CLANG_WARN_OBJC_ROOT_CLASS = YES_ERROR;
				CLANG_WARN_RANGE_LOOP_ANALYSIS = YES;
				CLANG_WARN_STRICT_PROTOTYPES = YES;
				CLANG_WARN_SUSPICIOUS_MOVE = YES;
				CLANG_WARN_UNGUARDED_AVAILABILITY = YES_AGGRESSIVE;
				CLANG_WARN_UNREACHABLE_CODE = YES;
				CLANG_WARN__DUPLICATE_METHOD_MATCH = YES;
				CODE_SIGN_IDENTITY = "iPhone Developer";
				COPY_PHASE_STRIP = NO;
				DEBUG_INFORMATION_FORMAT = dwarf;
				ENABLE_STRICT_OBJC_MSGSEND = YES;
				ENABLE_TESTABILITY = YES;
				GCC_C_LANGUAGE_STANDARD = gnu11;
				GCC_DYNAMIC_NO_PIC = NO;
				GCC_NO_COMMON_BLOCKS = YES;
				GCC_OPTIMIZATION_LEVEL = 0;
				GCC_PREPROCESSOR_DEFINITIONS = (
					"DEBUG=1",
					"$(inherited)",
				);
				GCC_WARN_64_TO_32_BIT_CONVERSION = YES;
				GCC_WARN_ABOUT_RETURN_TYPE = YES_ERROR;
				GCC_WARN_UNDECLARED_SELECTOR = YES;
				GCC_WARN_UNINITIALIZED_AUTOS = YES_AGGRESSIVE;
				GCC_WARN_UNUSED_FUNCTION = YES;
				GCC_WARN_UNUSED_VARIABLE = YES;
				IPHONEOS_DEPLOYMENT_TARGET = 11.2;
				MTL_ENABLE_DEBUG_INFO = YES;
				ONLY_ACTIVE_ARCH = YES;
				SDKROOT = iphoneos;
				SWIFT_ACTIVE_COMPILATION_CONDITIONS = DEBUG;
				SWIFT_OPTIMIZATION_LEVEL = "-Onone";
			};
			name = Debug;
		};
		561D098B204CE1FD002C9888 /* Release */ = {
			isa = XCBuildConfiguration;
			buildSettings = {
				ALWAYS_SEARCH_USER_PATHS = NO;
				CLANG_ANALYZER_NONNULL = YES;
				CLANG_ANALYZER_NUMBER_OBJECT_CONVERSION = YES_AGGRESSIVE;
				CLANG_CXX_LANGUAGE_STANDARD = "gnu++14";
				CLANG_CXX_LIBRARY = "libc++";
				CLANG_ENABLE_MODULES = YES;
				CLANG_ENABLE_OBJC_ARC = YES;
				CLANG_WARN_BLOCK_CAPTURE_AUTORELEASING = YES;
				CLANG_WARN_BOOL_CONVERSION = YES;
				CLANG_WARN_COMMA = YES;
				CLANG_WARN_CONSTANT_CONVERSION = YES;
				CLANG_WARN_DIRECT_OBJC_ISA_USAGE = YES_ERROR;
				CLANG_WARN_DOCUMENTATION_COMMENTS = YES;
				CLANG_WARN_EMPTY_BODY = YES;
				CLANG_WARN_ENUM_CONVERSION = YES;
				CLANG_WARN_INFINITE_RECURSION = YES;
				CLANG_WARN_INT_CONVERSION = YES;
				CLANG_WARN_NON_LITERAL_NULL_CONVERSION = YES;
				CLANG_WARN_OBJC_LITERAL_CONVERSION = YES;
				CLANG_WARN_OBJC_ROOT_CLASS = YES_ERROR;
				CLANG_WARN_RANGE_LOOP_ANALYSIS = YES;
				CLANG_WARN_STRICT_PROTOTYPES = YES;
				CLANG_WARN_SUSPICIOUS_MOVE = YES;
				CLANG_WARN_UNGUARDED_AVAILABILITY = YES_AGGRESSIVE;
				CLANG_WARN_UNREACHABLE_CODE = YES;
				CLANG_WARN__DUPLICATE_METHOD_MATCH = YES;
				CODE_SIGN_IDENTITY = "iPhone Developer";
				COPY_PHASE_STRIP = NO;
				DEBUG_INFORMATION_FORMAT = "dwarf-with-dsym";
				ENABLE_NS_ASSERTIONS = NO;
				ENABLE_STRICT_OBJC_MSGSEND = YES;
				GCC_C_LANGUAGE_STANDARD = gnu11;
				GCC_NO_COMMON_BLOCKS = YES;
				GCC_WARN_64_TO_32_BIT_CONVERSION = YES;
				GCC_WARN_ABOUT_RETURN_TYPE = YES_ERROR;
				GCC_WARN_UNDECLARED_SELECTOR = YES;
				GCC_WARN_UNINITIALIZED_AUTOS = YES_AGGRESSIVE;
				GCC_WARN_UNUSED_FUNCTION = YES;
				GCC_WARN_UNUSED_VARIABLE = YES;
				IPHONEOS_DEPLOYMENT_TARGET = 11.2;
				MTL_ENABLE_DEBUG_INFO = NO;
				SDKROOT = iphoneos;
				SWIFT_OPTIMIZATION_LEVEL = "-Owholemodule";
				VALIDATE_PRODUCT = YES;
			};
			name = Release;
		};
		561D098D204CE1FD002C9888 /* Debug */ = {
			isa = XCBuildConfiguration;
			baseConfigurationReference = D4A732A61A9EF18D2A035933 /* Pods-Reuse.debug.xcconfig */;
			buildSettings = {
				ASSETCATALOG_COMPILER_APPICON_NAME = AppIcon;
				CODE_SIGN_ENTITLEMENTS = Reuse/Reuse.entitlements;
				CODE_SIGN_STYLE = Automatic;
				DEVELOPMENT_TEAM = SN5BFX4SD3;
				INFOPLIST_FILE = Reuse/Info.plist;
				IPHONEOS_DEPLOYMENT_TARGET = 11.0;
				LD_RUNPATH_SEARCH_PATHS = "$(inherited) @executable_path/Frameworks";
				PRODUCT_BUNDLE_IDENTIFIER = edu.mit.designforamerica.Reuse;
				PRODUCT_NAME = "$(TARGET_NAME)";
				SWIFT_VERSION = 4.0;
				TARGETED_DEVICE_FAMILY = "1,2";
			};
			name = Debug;
		};
		561D098E204CE1FD002C9888 /* Release */ = {
			isa = XCBuildConfiguration;
			baseConfigurationReference = E9B0EBBF098DA80CB10F07CC /* Pods-Reuse.release.xcconfig */;
			buildSettings = {
				ASSETCATALOG_COMPILER_APPICON_NAME = AppIcon;
				CODE_SIGN_ENTITLEMENTS = Reuse/Reuse.entitlements;
				CODE_SIGN_STYLE = Automatic;
				DEVELOPMENT_TEAM = SN5BFX4SD3;
				INFOPLIST_FILE = Reuse/Info.plist;
				IPHONEOS_DEPLOYMENT_TARGET = 11.0;
				LD_RUNPATH_SEARCH_PATHS = "$(inherited) @executable_path/Frameworks";
				PRODUCT_BUNDLE_IDENTIFIER = edu.mit.designforamerica.Reuse;
				PRODUCT_NAME = "$(TARGET_NAME)";
				SWIFT_VERSION = 4.0;
				TARGETED_DEVICE_FAMILY = "1,2";
			};
			name = Release;
		};
/* End XCBuildConfiguration section */

/* Begin XCConfigurationList section */
		561D0972204CE1FC002C9888 /* Build configuration list for PBXProject "Reuse" */ = {
			isa = XCConfigurationList;
			buildConfigurations = (
				561D098A204CE1FD002C9888 /* Debug */,
				561D098B204CE1FD002C9888 /* Release */,
			);
			defaultConfigurationIsVisible = 0;
			defaultConfigurationName = Release;
		};
		561D098C204CE1FD002C9888 /* Build configuration list for PBXNativeTarget "Reuse" */ = {
			isa = XCConfigurationList;
			buildConfigurations = (
				561D098D204CE1FD002C9888 /* Debug */,
				561D098E204CE1FD002C9888 /* Release */,
			);
			defaultConfigurationIsVisible = 0;
			defaultConfigurationName = Release;
		};
/* End XCConfigurationList section */

/* Begin XCVersionGroup section */
		561D0981204CE1FD002C9888 /* Reuse.xcdatamodeld */ = {
			isa = XCVersionGroup;
			children = (
				561D0982204CE1FD002C9888 /* Reuse.xcdatamodel */,
			);
			currentVersion = 561D0982204CE1FD002C9888 /* Reuse.xcdatamodel */;
			path = Reuse.xcdatamodeld;
			sourceTree = "<group>";
			versionGroupType = wrapper.xcdatamodel;
		};
/* End XCVersionGroup section */
	};
	rootObject = 561D096F204CE1FC002C9888 /* Project object */;
}
